
Microsoft Visual Studio Solution File, Format Version 12.00
# Visual Studio Version 16
VisualStudioVersion = 16.0.31105.61
MinimumVisualStudioVersion = 10.0.40219.1
Project("{FAE04EC0-301F-11D3-BF4B-00C04F79EFBC}") = "TestWebAPI", "TestWebAPI\TestWebAPI.csproj", "{22E2E368-FB93-4C32-A7BF-63A403D3996D}"
EndProject
Global
	GlobalSection(SolutionConfigurationPlatforms) = preSolution
		Debug|Any CPU = Debug|Any CPU
		Release|Any CPU = Release|Any CPU
	EndGlobalSection
	GlobalSection(ProjectConfigurationPlatforms) = postSolution
		{22E2E368-FB93-4C32-A7BF-63A403D3996D}.Debug|Any CPU.ActiveCfg = Debug|Any CPU
		{22E2E368-FB93-4C32-A7BF-63A403D3996D}.Debug|Any CPU.Build.0 = Debug|Any CPU
		{22E2E368-FB93-4C32-A7BF-63A403D3996D}.Release|Any CPU.ActiveCfg = Release|Any CPU
		{22E2E368-FB93-4C32-A7BF-63A403D3996D}.Release|Any CPU.Build.0 = Release|Any CPU
	EndGlobalSection
	GlobalSection(SolutionProperties) = preSolution
		HideSolutionNode = FALSE
	EndGlobalSection
	GlobalSection(ExtensibilityGlobals) = postSolution
		SolutionGuid = {6D95EB3A-635C-4827-B7B2-9B8E4FFAA77F}
	EndGlobalSection
EndGlobal
